// !$*UTF8*$!
{
	archiveVersion = 1;
	classes = {
	};
	objectVersion = 56;
	objects = {

/* Begin PBXBuildFile section */
		D98687862AFE59B100A921D1 /* App.swift in Sources */ = {isa = PBXBuildFile; fileRef = D98687852AFE59B100A921D1 /* App.swift */; };
		D986878A2AFE59B200A921D1 /* Assets.xcassets in Resources */ = {isa = PBXBuildFile; fileRef = D98687892AFE59B200A921D1 /* Assets.xcassets */; };
		D986878E2AFE59B200A921D1 /* Preview Assets.xcassets in Resources */ = {isa = PBXBuildFile; fileRef = D986878D2AFE59B200A921D1 /* Preview Assets.xcassets */; };
		D986879D2B0270C900A921D1 /* Download.swift in Sources */ = {isa = PBXBuildFile; fileRef = D986879C2B0270C900A921D1 /* Download.swift */; };
		D986879F2B0271E600A921D1 /* HomeView.swift in Sources */ = {isa = PBXBuildFile; fileRef = D986879E2B0271E600A921D1 /* HomeView.swift */; };
		D99330142B05E2A800257403 /* CustomStringTextField.swift in Sources */ = {isa = PBXBuildFile; fileRef = D99330132B05E2A800257403 /* CustomStringTextField.swift */; };
		D99330162B05E33F00257403 /* CustomDoubleTextField.swift in Sources */ = {isa = PBXBuildFile; fileRef = D99330152B05E33F00257403 /* CustomDoubleTextField.swift */; };
		D99330182B05E3F300257403 /* CustomPlainButton.swift in Sources */ = {isa = PBXBuildFile; fileRef = D99330172B05E3F300257403 /* CustomPlainButton.swift */; };
		D993301B2B05E7AB00257403 /* DownloadViewModel.swift in Sources */ = {isa = PBXBuildFile; fileRef = D993301A2B05E7AB00257403 /* DownloadViewModel.swift */; };
		D9E4CE132B06A67700D345BE /* String.swift in Sources */ = {isa = PBXBuildFile; fileRef = D9E4CE122B06A67700D345BE /* String.swift */; };
		D9E4CE172B06AA5300D345BE /* TimeManager.swift in Sources */ = {isa = PBXBuildFile; fileRef = D9E4CE162B06AA5300D345BE /* TimeManager.swift */; };
/* End PBXBuildFile section */

/* Begin PBXFileReference section */
		D98687822AFE59B100A921D1 /* DLTime.app */ = {isa = PBXFileReference; explicitFileType = wrapper.application; includeInIndex = 0; path = DLTime.app; sourceTree = BUILT_PRODUCTS_DIR; };
		D98687852AFE59B100A921D1 /* App.swift */ = {isa = PBXFileReference; lastKnownFileType = sourcecode.swift; path = App.swift; sourceTree = "<group>"; };
		D98687892AFE59B200A921D1 /* Assets.xcassets */ = {isa = PBXFileReference; lastKnownFileType = folder.assetcatalog; path = Assets.xcassets; sourceTree = "<group>"; };
		D986878B2AFE59B200A921D1 /* DLTime.entitlements */ = {isa = PBXFileReference; lastKnownFileType = text.plist.entitlements; path = DLTime.entitlements; sourceTree = "<group>"; };
		D986878D2AFE59B200A921D1 /* Preview Assets.xcassets */ = {isa = PBXFileReference; lastKnownFileType = folder.assetcatalog; path = "Preview Assets.xcassets"; sourceTree = "<group>"; };
		D986879C2B0270C900A921D1 /* Download.swift */ = {isa = PBXFileReference; lastKnownFileType = sourcecode.swift; path = Download.swift; sourceTree = "<group>"; };
		D986879E2B0271E600A921D1 /* HomeView.swift */ = {isa = PBXFileReference; lastKnownFileType = sourcecode.swift; path = HomeView.swift; sourceTree = "<group>"; };
		D99330132B05E2A800257403 /* CustomStringTextField.swift */ = {isa = PBXFileReference; lastKnownFileType = sourcecode.swift; path = CustomStringTextField.swift; sourceTree = "<group>"; };
		D99330152B05E33F00257403 /* CustomDoubleTextField.swift */ = {isa = PBXFileReference; lastKnownFileType = sourcecode.swift; path = CustomDoubleTextField.swift; sourceTree = "<group>"; };
		D99330172B05E3F300257403 /* CustomPlainButton.swift */ = {isa = PBXFileReference; lastKnownFileType = sourcecode.swift; path = CustomPlainButton.swift; sourceTree = "<group>"; };
		D993301A2B05E7AB00257403 /* DownloadViewModel.swift */ = {isa = PBXFileReference; lastKnownFileType = sourcecode.swift; path = DownloadViewModel.swift; sourceTree = "<group>"; };
		D9E4CE122B06A67700D345BE /* String.swift */ = {isa = PBXFileReference; lastKnownFileType = sourcecode.swift; path = String.swift; sourceTree = "<group>"; };
		D9E4CE162B06AA5300D345BE /* TimeManager.swift */ = {isa = PBXFileReference; lastKnownFileType = sourcecode.swift; path = TimeManager.swift; sourceTree = "<group>"; };
/* End PBXFileReference section */

/* Begin PBXFrameworksBuildPhase section */
		D986877F2AFE59B100A921D1 /* Frameworks */ = {
			isa = PBXFrameworksBuildPhase;
			buildActionMask = 2147483647;
			files = (
			);
			runOnlyForDeploymentPostprocessing = 0;
		};
/* End PBXFrameworksBuildPhase section */

/* Begin PBXGroup section */
		D98687792AFE59B100A921D1 = {
			isa = PBXGroup;
			children = (
				D98687842AFE59B100A921D1 /* DLTime */,
				D98687832AFE59B100A921D1 /* Products */,
			);
			sourceTree = "<group>";
		};
		D98687832AFE59B100A921D1 /* Products */ = {
			isa = PBXGroup;
			children = (
				D98687822AFE59B100A921D1 /* DLTime.app */,
			);
			name = Products;
			sourceTree = "<group>";
		};
		D98687842AFE59B100A921D1 /* DLTime */ = {
			isa = PBXGroup;
			children = (
				D98687852AFE59B100A921D1 /* App.swift */,
				D986878B2AFE59B200A921D1 /* DLTime.entitlements */,
				D99330102B05E22A00257403 /* Views */,
				D99330112B05E25D00257403 /* Components */,
				D99330192B05E77100257403 /* ViewModel */,
				D99330122B05E26600257403 /* Ressources */,
				D98687942B026C5500A921D1 /* SwiftData */,
				D986878C2AFE59B200A921D1 /* Preview Content */,
			);
			path = DLTime;
			sourceTree = "<group>";
		};
		D986878C2AFE59B200A921D1 /* Preview Content */ = {
			isa = PBXGroup;
			children = (
				D986878D2AFE59B200A921D1 /* Preview Assets.xcassets */,
			);
			path = "Preview Content";
			sourceTree = "<group>";
		};
		D98687942B026C5500A921D1 /* SwiftData */ = {
			isa = PBXGroup;
			children = (
				D986879C2B0270C900A921D1 /* Download.swift */,
			);
			path = SwiftData;
			sourceTree = "<group>";
		};
		D99330102B05E22A00257403 /* Views */ = {
			isa = PBXGroup;
			children = (
				D986879E2B0271E600A921D1 /* HomeView.swift */,
			);
			path = Views;
			sourceTree = "<group>";
		};
		D99330112B05E25D00257403 /* Components */ = {
			isa = PBXGroup;
			children = (
				D99330132B05E2A800257403 /* CustomStringTextField.swift */,
				D99330152B05E33F00257403 /* CustomDoubleTextField.swift */,
				D99330172B05E3F300257403 /* CustomPlainButton.swift */,
			);
			path = Components;
			sourceTree = "<group>";
		};
		D99330122B05E26600257403 /* Ressources */ = {
			isa = PBXGroup;
			children = (
				D9E4CE112B06A66D00D345BE /* Extension */,
				D9E4CE152B06AA3F00D345BE /* Manager */,
				D98687892AFE59B200A921D1 /* Assets.xcassets */,
			);
			path = Ressources;
			sourceTree = "<group>";
		};
		D99330192B05E77100257403 /* ViewModel */ = {
			isa = PBXGroup;
			children = (
				D993301A2B05E7AB00257403 /* DownloadViewModel.swift */,
			);
			path = ViewModel;
			sourceTree = "<group>";
		};
		D9E4CE112B06A66D00D345BE /* Extension */ = {
			isa = PBXGroup;
			children = (
				D9E4CE122B06A67700D345BE /* String.swift */,
			);
			path = Extension;
			sourceTree = "<group>";
		};
		D9E4CE152B06AA3F00D345BE /* Manager */ = {
			isa = PBXGroup;
			children = (
				D9E4CE162B06AA5300D345BE /* TimeManager.swift */,
			);
			path = Manager;
			sourceTree = "<group>";
		};
/* End PBXGroup section */

/* Begin PBXNativeTarget section */
		D98687812AFE59B100A921D1 /* DLTime */ = {
			isa = PBXNativeTarget;
			buildConfigurationList = D98687912AFE59B200A921D1 /* Build configuration list for PBXNativeTarget "DLTime" */;
			buildPhases = (
				D986877E2AFE59B100A921D1 /* Sources */,
				D986877F2AFE59B100A921D1 /* Frameworks */,
				D98687802AFE59B100A921D1 /* Resources */,
			);
			buildRules = (
			);
			dependencies = (
			);
			name = DLTime;
			productName = DLTime;
			productReference = D98687822AFE59B100A921D1 /* DLTime.app */;
			productType = "com.apple.product-type.application";
		};
/* End PBXNativeTarget section */

/* Begin PBXProject section */
		D986877A2AFE59B100A921D1 /* Project object */ = {
			isa = PBXProject;
			attributes = {
				BuildIndependentTargetsInParallel = 1;
				LastSwiftUpdateCheck = 1500;
				LastUpgradeCheck = 1500;
				TargetAttributes = {
					D98687812AFE59B100A921D1 = {
						CreatedOnToolsVersion = 15.0.1;
					};
				};
			};
			buildConfigurationList = D986877D2AFE59B100A921D1 /* Build configuration list for PBXProject "DLTime" */;
			compatibilityVersion = "Xcode 14.0";
			developmentRegion = en;
			hasScannedForEncodings = 0;
			knownRegions = (
				en,
				Base,
			);
			mainGroup = D98687792AFE59B100A921D1;
			productRefGroup = D98687832AFE59B100A921D1 /* Products */;
			projectDirPath = "";
			projectRoot = "";
			targets = (
				D98687812AFE59B100A921D1 /* DLTime */,
			);
		};
/* End PBXProject section */

/* Begin PBXResourcesBuildPhase section */
		D98687802AFE59B100A921D1 /* Resources */ = {
			isa = PBXResourcesBuildPhase;
			buildActionMask = 2147483647;
			files = (
				D986878E2AFE59B200A921D1 /* Preview Assets.xcassets in Resources */,
				D986878A2AFE59B200A921D1 /* Assets.xcassets in Resources */,
			);
			runOnlyForDeploymentPostprocessing = 0;
		};
/* End PBXResourcesBuildPhase section */

/* Begin PBXSourcesBuildPhase section */
		D986877E2AFE59B100A921D1 /* Sources */ = {
			isa = PBXSourcesBuildPhase;
			buildActionMask = 2147483647;
			files = (
				D98687862AFE59B100A921D1 /* App.swift in Sources */,
				D99330142B05E2A800257403 /* CustomStringTextField.swift in Sources */,
				D9E4CE132B06A67700D345BE /* String.swift in Sources */,
				D993301B2B05E7AB00257403 /* DownloadViewModel.swift in Sources */,
				D986879F2B0271E600A921D1 /* HomeView.swift in Sources */,
				D99330162B05E33F00257403 /* CustomDoubleTextField.swift in Sources */,
				D986879D2B0270C900A921D1 /* Download.swift in Sources */,
				D9E4CE172B06AA5300D345BE /* TimeManager.swift in Sources */,
				D99330182B05E3F300257403 /* CustomPlainButton.swift in Sources */,
			);
			runOnlyForDeploymentPostprocessing = 0;
		};
/* End PBXSourcesBuildPhase section */

/* Begin XCBuildConfiguration section */
		D986878F2AFE59B200A921D1 /* Debug */ = {
			isa = XCBuildConfiguration;
			buildSettings = {
				ALWAYS_SEARCH_USER_PATHS = NO;
				ASSETCATALOG_COMPILER_GENERATE_SWIFT_ASSET_SYMBOL_EXTENSIONS = YES;
				CLANG_ANALYZER_NONNULL = YES;
				CLANG_ANALYZER_NUMBER_OBJECT_CONVERSION = YES_AGGRESSIVE;
				CLANG_CXX_LANGUAGE_STANDARD = "gnu++20";
				CLANG_ENABLE_MODULES = YES;
				CLANG_ENABLE_OBJC_ARC = YES;
				CLANG_ENABLE_OBJC_WEAK = YES;
				CLANG_WARN_BLOCK_CAPTURE_AUTORELEASING = YES;
				CLANG_WARN_BOOL_CONVERSION = YES;
				CLANG_WARN_COMMA = YES;
				CLANG_WARN_CONSTANT_CONVERSION = YES;
				CLANG_WARN_DEPRECATED_OBJC_IMPLEMENTATIONS = YES;
				CLANG_WARN_DIRECT_OBJC_ISA_USAGE = YES_ERROR;
				CLANG_WARN_DOCUMENTATION_COMMENTS = YES;
				CLANG_WARN_EMPTY_BODY = YES;
				CLANG_WARN_ENUM_CONVERSION = YES;
				CLANG_WARN_INFINITE_RECURSION = YES;
				CLANG_WARN_INT_CONVERSION = YES;
				CLANG_WARN_NON_LITERAL_NULL_CONVERSION = YES;
				CLANG_WARN_OBJC_IMPLICIT_RETAIN_SELF = YES;
				CLANG_WARN_OBJC_LITERAL_CONVERSION = YES;
				CLANG_WARN_OBJC_ROOT_CLASS = YES_ERROR;
				CLANG_WARN_QUOTED_INCLUDE_IN_FRAMEWORK_HEADER = YES;
				CLANG_WARN_RANGE_LOOP_ANALYSIS = YES;
				CLANG_WARN_STRICT_PROTOTYPES = YES;
				CLANG_WARN_SUSPICIOUS_MOVE = YES;
				CLANG_WARN_UNGUARDED_AVAILABILITY = YES_AGGRESSIVE;
				CLANG_WARN_UNREACHABLE_CODE = YES;
				CLANG_WARN__DUPLICATE_METHOD_MATCH = YES;
				COPY_PHASE_STRIP = NO;
				DEBUG_INFORMATION_FORMAT = dwarf;
				ENABLE_STRICT_OBJC_MSGSEND = YES;
				ENABLE_TESTABILITY = YES;
				ENABLE_USER_SCRIPT_SANDBOXING = YES;
				GCC_C_LANGUAGE_STANDARD = gnu17;
				GCC_DYNAMIC_NO_PIC = NO;
				GCC_NO_COMMON_BLOCKS = YES;
				GCC_OPTIMIZATION_LEVEL = 0;
				GCC_PREPROCESSOR_DEFINITIONS = (
					"DEBUG=1",
					"$(inherited)",
				);
				GCC_WARN_64_TO_32_BIT_CONVERSION = YES;
				GCC_WARN_ABOUT_RETURN_TYPE = YES_ERROR;
				GCC_WARN_UNDECLARED_SELECTOR = YES;
				GCC_WARN_UNINITIALIZED_AUTOS = YES_AGGRESSIVE;
				GCC_WARN_UNUSED_FUNCTION = YES;
				GCC_WARN_UNUSED_VARIABLE = YES;
				IPHONEOS_DEPLOYMENT_TARGET = 17.0;
				LOCALIZATION_PREFERS_STRING_CATALOGS = YES;
				MTL_ENABLE_DEBUG_INFO = INCLUDE_SOURCE;
				MTL_FAST_MATH = YES;
				ONLY_ACTIVE_ARCH = YES;
				SWIFT_ACTIVE_COMPILATION_CONDITIONS = "DEBUG $(inherited)";
				SWIFT_OPTIMIZATION_LEVEL = "-Onone";
			};
			name = Debug;
		};
		D98687902AFE59B200A921D1 /* Release */ = {
			isa = XCBuildConfiguration;
			buildSettings = {
				ALWAYS_SEARCH_USER_PATHS = NO;
				ASSETCATALOG_COMPILER_GENERATE_SWIFT_ASSET_SYMBOL_EXTENSIONS = YES;
				CLANG_ANALYZER_NONNULL = YES;
				CLANG_ANALYZER_NUMBER_OBJECT_CONVERSION = YES_AGGRESSIVE;
				CLANG_CXX_LANGUAGE_STANDARD = "gnu++20";
				CLANG_ENABLE_MODULES = YES;
				CLANG_ENABLE_OBJC_ARC = YES;
				CLANG_ENABLE_OBJC_WEAK = YES;
				CLANG_WARN_BLOCK_CAPTURE_AUTORELEASING = YES;
				CLANG_WARN_BOOL_CONVERSION = YES;
				CLANG_WARN_COMMA = YES;
				CLANG_WARN_CONSTANT_CONVERSION = YES;
				CLANG_WARN_DEPRECATED_OBJC_IMPLEMENTATIONS = YES;
				CLANG_WARN_DIRECT_OBJC_ISA_USAGE = YES_ERROR;
				CLANG_WARN_DOCUMENTATION_COMMENTS = YES;
				CLANG_WARN_EMPTY_BODY = YES;
				CLANG_WARN_ENUM_CONVERSION = YES;
				CLANG_WARN_INFINITE_RECURSION = YES;
				CLANG_WARN_INT_CONVERSION = YES;
				CLANG_WARN_NON_LITERAL_NULL_CONVERSION = YES;
				CLANG_WARN_OBJC_IMPLICIT_RETAIN_SELF = YES;
				CLANG_WARN_OBJC_LITERAL_CONVERSION = YES;
				CLANG_WARN_OBJC_ROOT_CLASS = YES_ERROR;
				CLANG_WARN_QUOTED_INCLUDE_IN_FRAMEWORK_HEADER = YES;
				CLANG_WARN_RANGE_LOOP_ANALYSIS = YES;
				CLANG_WARN_STRICT_PROTOTYPES = YES;
				CLANG_WARN_SUSPICIOUS_MOVE = YES;
				CLANG_WARN_UNGUARDED_AVAILABILITY = YES_AGGRESSIVE;
				CLANG_WARN_UNREACHABLE_CODE = YES;
				CLANG_WARN__DUPLICATE_METHOD_MATCH = YES;
				COPY_PHASE_STRIP = NO;
				DEBUG_INFORMATION_FORMAT = "dwarf-with-dsym";
				ENABLE_NS_ASSERTIONS = NO;
				ENABLE_STRICT_OBJC_MSGSEND = YES;
				ENABLE_USER_SCRIPT_SANDBOXING = YES;
				GCC_C_LANGUAGE_STANDARD = gnu17;
				GCC_NO_COMMON_BLOCKS = YES;
				GCC_WARN_64_TO_32_BIT_CONVERSION = YES;
				GCC_WARN_ABOUT_RETURN_TYPE = YES_ERROR;
				GCC_WARN_UNDECLARED_SELECTOR = YES;
				GCC_WARN_UNINITIALIZED_AUTOS = YES_AGGRESSIVE;
				GCC_WARN_UNUSED_FUNCTION = YES;
				GCC_WARN_UNUSED_VARIABLE = YES;
				IPHONEOS_DEPLOYMENT_TARGET = 17.0;
				LOCALIZATION_PREFERS_STRING_CATALOGS = YES;
				MTL_ENABLE_DEBUG_INFO = NO;
				MTL_FAST_MATH = YES;
				SWIFT_COMPILATION_MODE = wholemodule;
			};
			name = Release;
		};
		D98687922AFE59B200A921D1 /* Debug */ = {
			isa = XCBuildConfiguration;
			buildSettings = {
				ASSETCATALOG_COMPILER_APPICON_NAME = AppIcon;
				ASSETCATALOG_COMPILER_GLOBAL_ACCENT_COLOR_NAME = AccentColor;
				CODE_SIGN_ENTITLEMENTS = DLTime/DLTime.entitlements;
				CODE_SIGN_STYLE = Automatic;
				CURRENT_PROJECT_VERSION = 1;
				DEVELOPMENT_ASSET_PATHS = "\"DLTime/Preview Content\"";
				DEVELOPMENT_TEAM = 8TMMB69WBG;
				ENABLE_HARDENED_RUNTIME = YES;
				ENABLE_PREVIEWS = YES;
				GENERATE_INFOPLIST_FILE = YES;
				"INFOPLIST_KEY_UIApplicationSceneManifest_Generation[sdk=iphoneos*]" = YES;
				"INFOPLIST_KEY_UIApplicationSceneManifest_Generation[sdk=iphonesimulator*]" = YES;
				"INFOPLIST_KEY_UIApplicationSupportsIndirectInputEvents[sdk=iphoneos*]" = YES;
				"INFOPLIST_KEY_UIApplicationSupportsIndirectInputEvents[sdk=iphonesimulator*]" = YES;
				"INFOPLIST_KEY_UILaunchScreen_Generation[sdk=iphoneos*]" = YES;
				"INFOPLIST_KEY_UILaunchScreen_Generation[sdk=iphonesimulator*]" = YES;
				"INFOPLIST_KEY_UIStatusBarStyle[sdk=iphoneos*]" = UIStatusBarStyleDefault;
				"INFOPLIST_KEY_UIStatusBarStyle[sdk=iphonesimulator*]" = UIStatusBarStyleDefault;
				INFOPLIST_KEY_UISupportedInterfaceOrientations = UIInterfaceOrientationPortrait;
				INFOPLIST_KEY_UISupportedInterfaceOrientations_iPad = "UIInterfaceOrientationLandscapeLeft UIInterfaceOrientationLandscapeRight UIInterfaceOrientationPortrait UIInterfaceOrientationPortraitUpsideDown";
				IPHONEOS_DEPLOYMENT_TARGET = 17.0;
				LD_RUNPATH_SEARCH_PATHS = "@executable_path/Frameworks";
				"LD_RUNPATH_SEARCH_PATHS[sdk=macosx*]" = "@executable_path/../Frameworks";
				MACOSX_DEPLOYMENT_TARGET = 14.0;
				MARKETING_VERSION = 1.0;
				PRODUCT_BUNDLE_IDENTIFIER = sementa.com.DLTime;
				PRODUCT_NAME = "$(TARGET_NAME)";
				SDKROOT = auto;
				SUPPORTED_PLATFORMS = "iphoneos iphonesimulator";
				SUPPORTS_MACCATALYST = NO;
				SWIFT_EMIT_LOC_STRINGS = YES;
				SWIFT_VERSION = 5.0;
				TARGETED_DEVICE_FAMILY = 1;
			};
			name = Debug;
		};
		D98687932AFE59B200A921D1 /* Release */ = {
			isa = XCBuildConfiguration;
			buildSettings = {
				ASSETCATALOG_COMPILER_APPICON_NAME = AppIcon;
				ASSETCATALOG_COMPILER_GLOBAL_ACCENT_COLOR_NAME = AccentColor;
				CODE_SIGN_ENTITLEMENTS = DLTime/DLTime.entitlements;
				CODE_SIGN_STYLE = Automatic;
				CURRENT_PROJECT_VERSION = 1;
				DEVELOPMENT_ASSET_PATHS = "\"DLTime/Preview Content\"";
				DEVELOPMENT_TEAM = 8TMMB69WBG;
				ENABLE_HARDENED_RUNTIME = YES;
				ENABLE_PREVIEWS = YES;
				GENERATE_INFOPLIST_FILE = YES;
				"INFOPLIST_KEY_UIApplicationSceneManifest_Generation[sdk=iphoneos*]" = YES;
				"INFOPLIST_KEY_UIApplicationSceneManifest_Generation[sdk=iphonesimulator*]" = YES;
				"INFOPLIST_KEY_UIApplicationSupportsIndirectInputEvents[sdk=iphoneos*]" = YES;
				"INFOPLIST_KEY_UIApplicationSupportsIndirectInputEvents[sdk=iphonesimulator*]" = YES;
				"INFOPLIST_KEY_UILaunchScreen_Generation[sdk=iphoneos*]" = YES;
				"INFOPLIST_KEY_UILaunchScreen_Generation[sdk=iphonesimulator*]" = YES;
				"INFOPLIST_KEY_UIStatusBarStyle[sdk=iphoneos*]" = UIStatusBarStyleDefault;
				"INFOPLIST_KEY_UIStatusBarStyle[sdk=iphonesimulator*]" = UIStatusBarStyleDefault;
				INFOPLIST_KEY_UISupportedInterfaceOrientations = UIInterfaceOrientationPortrait;
				INFOPLIST_KEY_UISupportedInterfaceOrientations_iPad = "UIInterfaceOrientationLandscapeLeft UIInterfaceOrientationLandscapeRight UIInterfaceOrientationPortrait UIInterfaceOrientationPortraitUpsideDown";
				IPHONEOS_DEPLOYMENT_TARGET = 17.0;
				LD_RUNPATH_SEARCH_PATHS = "@executable_path/Frameworks";
				"LD_RUNPATH_SEARCH_PATHS[sdk=macosx*]" = "@executable_path/../Frameworks";
				MACOSX_DEPLOYMENT_TARGET = 14.0;
				MARKETING_VERSION = 1.0;
				PRODUCT_BUNDLE_IDENTIFIER = sementa.com.DLTime;
				PRODUCT_NAME = "$(TARGET_NAME)";
				SDKROOT = auto;
				SUPPORTED_PLATFORMS = "iphoneos iphonesimulator";
				SUPPORTS_MACCATALYST = NO;
				SWIFT_EMIT_LOC_STRINGS = YES;
				SWIFT_VERSION = 5.0;
				TARGETED_DEVICE_FAMILY = 1;
			};
			name = Release;
		};
/* End XCBuildConfiguration section */

/* Begin XCConfigurationList section */
		D986877D2AFE59B100A921D1 /* Build configuration list for PBXProject "DLTime" */ = {
			isa = XCConfigurationList;
			buildConfigurations = (
				D986878F2AFE59B200A921D1 /* Debug */,
				D98687902AFE59B200A921D1 /* Release */,
			);
			defaultConfigurationIsVisible = 0;
			defaultConfigurationName = Release;
		};
		D98687912AFE59B200A921D1 /* Build configuration list for PBXNativeTarget "DLTime" */ = {
			isa = XCConfigurationList;
			buildConfigurations = (
				D98687922AFE59B200A921D1 /* Debug */,
				D98687932AFE59B200A921D1 /* Release */,
			);
			defaultConfigurationIsVisible = 0;
			defaultConfigurationName = Release;
		};
/* End XCConfigurationList section */
	};
	rootObject = D986877A2AFE59B100A921D1 /* Project object */;
}
